// !$*UTF8*$!
{
	archiveVersion = 1;
	classes = {
	};
	objectVersion = 77;
	objects = {

/* Begin PBXBuildFile section */
		028E0C3934ED8C60D4F83A10 /* PumpHistoryView.swift in Sources */ = {isa = PBXBuildFile; fileRef = 8966B491530E2124A65B9E46 /* PumpHistoryView.swift */; };
		0500BC40A4A0D33A53760B78 /* UsageView.swift in Sources */ = {isa = PBXBuildFile; fileRef = 330560066A0A6E076593A3C4 /* UsageView.swift */; };
		092096FE5B69A84A64F11D4A /* CulliganWidgetBundle.swift in Sources */ = {isa = PBXBuildFile; fileRef = 44B69CC8B006575928C9ADDA /* CulliganWidgetBundle.swift */; };
		12749B658F79306C6DFFFFDB /* TankView.swift in Sources */ = {isa = PBXBuildFile; fileRef = 3190FCD8BECCBF50537CC218 /* TankView.swift */; };
		1BD06BC8261B89DCBD1768CF /* DailyUsageRecord.swift in Sources */ = {isa = PBXBuildFile; fileRef = 7BD56F327AE584511F373F87 /* DailyUsageRecord.swift */; };
		1CF07D9C9794947738163860 /* UsageCalendarView.swift in Sources */ = {isa = PBXBuildFile; fileRef = 4BEFD75E66A1EEDEB210B4DA /* UsageCalendarView.swift */; };
		23E3F002B191D93DD2962390 /* UsageViewModel.swift in Sources */ = {isa = PBXBuildFile; fileRef = 0942C96FBD91751C615F4D13 /* UsageViewModel.swift */; };
		26F66CFB14E368060166A89D /* SharedConfig.swift in Sources */ = {isa = PBXBuildFile; fileRef = 346D58444A0FE6C72FEAC74D /* SharedConfig.swift */; };
		28AC84F45E93CBD7DEAD496D /* ScreenshotTests.swift in Sources */ = {isa = PBXBuildFile; fileRef = A8DD3ADD4360C3C5AAE8877B /* ScreenshotTests.swift */; };
		2DD8F377F40EDC616E8769E3 /* DeviceStatusCard.swift in Sources */ = {isa = PBXBuildFile; fileRef = 8D064D89C5601C5E69F7EC70 /* DeviceStatusCard.swift */; };
		336838FE9EF8C00FB68BF44E /* AuthModels.swift in Sources */ = {isa = PBXBuildFile; fileRef = 5BFFD06EF0BBDDB0D01CB97C /* AuthModels.swift */; };
		3389E7C47740F3A7A3E936A6 /* ExportService.swift in Sources */ = {isa = PBXBuildFile; fileRef = 7DE053D695F6667A3A92F9F2 /* ExportService.swift */; };
		3B3499ABD647421A11B12FB5 /* PumpEvent.swift in Sources */ = {isa = PBXBuildFile; fileRef = 10303C8AB8D378498BA41FA6 /* PumpEvent.swift */; };
		43590626F019C782264B061A /* BackgroundRefreshService.swift in Sources */ = {isa = PBXBuildFile; fileRef = 57BAE2BB9997A10850015A10 /* BackgroundRefreshService.swift */; };
		6113EF1F24439B9878837C6C /* AuthViewModel.swift in Sources */ = {isa = PBXBuildFile; fileRef = 7D7F59882FCAEDFF5331BBB3 /* AuthViewModel.swift */; };
		6288F83527BFF74769884071 /* CulliganWidgetExtension.appex in Embed Foundation Extensions */ = {isa = PBXBuildFile; fileRef = 26F25FE6C521838D4A3E29E1 /* CulliganWidgetExtension.appex */; settings = {ATTRIBUTES = (RemoveHeadersOnCopy, ); }; };
		6679B9E8B55B6D9DEF094861 /* NotificationService.swift in Sources */ = {isa = PBXBuildFile; fileRef = 7DB1F65F2BFE45998BD444D6 /* NotificationService.swift */; };
		6F5F87D29B3742C4596D6418 /* StatCard.swift in Sources */ = {isa = PBXBuildFile; fileRef = 5DEE124C6A82DAB343B7C234 /* StatCard.swift */; };
		747F3EE71DB102E214385BB1 /* OnboardingView.swift in Sources */ = {isa = PBXBuildFile; fileRef = 369C23382010148708A81177 /* OnboardingView.swift */; };
		7702EBC083745703C8CECE52 /* LoginView.swift in Sources */ = {isa = PBXBuildFile; fileRef = 5F47CA90B0F12537520D1BF6 /* LoginView.swift */; };
		77F3F6705B3A072F263CBF8C /* TankGaugeView.swift in Sources */ = {isa = PBXBuildFile; fileRef = 2E6622033622B8429363EC88 /* TankGaugeView.swift */; };
		7D991179C7DF6EE35C838E64 /* Assets.xcassets in Resources */ = {isa = PBXBuildFile; fileRef = 64FD371CCCE61A86549BE28B /* Assets.xcassets */; };
		823D0674FC458844E8F78BA9 /* CommandModels.swift in Sources */ = {isa = PBXBuildFile; fileRef = 68B66952A29952F770CCB68C /* CommandModels.swift */; };
		8321416B16C225DC313BB7E0 /* CulliganApp.swift in Sources */ = {isa = PBXBuildFile; fileRef = E1F86F05BEA4072685E37A92 /* CulliganApp.swift */; };
		84290C36583EF0E3319B9110 /* DeviceModels.swift in Sources */ = {isa = PBXBuildFile; fileRef = 95056E833CF6B530030F04C4 /* DeviceModels.swift */; };
		88119A276B8E42BFC209CE08 /* PumpEvent.swift in Sources */ = {isa = PBXBuildFile; fileRef = 10303C8AB8D378498BA41FA6 /* PumpEvent.swift */; };
		8AC32E9289268994936772EC /* UsageSyncService.swift in Sources */ = {isa = PBXBuildFile; fileRef = 143C2984AF77A81D4794012F /* UsageSyncService.swift */; };
		8BFCA7C9B506AE3D227681FD /* UsageChartView.swift in Sources */ = {isa = PBXBuildFile; fileRef = 426C9A04BB01BCBEDFACB777 /* UsageChartView.swift */; };
		97216A344EA71E9BE9F142B7 /* ExportView.swift in Sources */ = {isa = PBXBuildFile; fileRef = 7AC1945D60335DD37665DE7D /* ExportView.swift */; };
		9A8B143EACD4C5B2EFC88E0F /* TankWidget.swift in Sources */ = {isa = PBXBuildFile; fileRef = 528F5BECD39B59AA391014F2 /* TankWidget.swift */; };
		9C08B7E61012C4897F5C5DC6 /* NotificationPromptView.swift in Sources */ = {isa = PBXBuildFile; fileRef = 1A274B367B5B9AACF61E84B8 /* NotificationPromptView.swift */; };
		9DB7A2831143DC84CB9CA7F1 /* KeychainService.swift in Sources */ = {isa = PBXBuildFile; fileRef = B77E034CB5EA628027AB3549 /* KeychainService.swift */; };
		A17E042E1AEDF3D9C6020DE4 /* DailyUsageRecord.swift in Sources */ = {isa = PBXBuildFile; fileRef = 7BD56F327AE584511F373F87 /* DailyUsageRecord.swift */; };
		A245C1E0C6054A7A76505E85 /* SampleData.swift in Sources */ = {isa = PBXBuildFile; fileRef = 7910262045BE1C155ABE3DEC /* SampleData.swift */; };
		A38C699DEC5FAA7B806EDEF5 /* CulliganAppTests.swift in Sources */ = {isa = PBXBuildFile; fileRef = FAD08DCA22D7E085A719BEC5 /* CulliganAppTests.swift */; };
		B20E6A03683065A0059C5693 /* UsageWidget.swift in Sources */ = {isa = PBXBuildFile; fileRef = E3D6028E3AC6ECBB23BF9122 /* UsageWidget.swift */; };
		BACACD65AD50E51AFB45A660 /* TankViewModel.swift in Sources */ = {isa = PBXBuildFile; fileRef = 488D7B0CABB985B0239974AA /* TankViewModel.swift */; };
		BB230B4DF67B3292BCCCB7BD /* CulliganClient.swift in Sources */ = {isa = PBXBuildFile; fileRef = B782CAFDFB5D9BCDD0E39CBE /* CulliganClient.swift */; };
		BBFAE46143E7B81B76F1DF79 /* DashboardView.swift in Sources */ = {isa = PBXBuildFile; fileRef = 227FE7760D2E5E120C83B384 /* DashboardView.swift */; };
		BD585F37F80C984498AC7EC5 /* SnapshotHelper.swift in Sources */ = {isa = PBXBuildFile; fileRef = A7FB194525C787CA7D6B4572 /* SnapshotHelper.swift */; };
		D7B840EAD0D762DE978694F5 /* UserSettings.swift in Sources */ = {isa = PBXBuildFile; fileRef = 7767748F366B03610EE90664 /* UserSettings.swift */; };
		DB1E779D5AFA769DA898D807 /* SharedConfig.swift in Sources */ = {isa = PBXBuildFile; fileRef = 346D58444A0FE6C72FEAC74D /* SharedConfig.swift */; };
		E0F03C6D5067F55C301B80DF /* SettingsView.swift in Sources */ = {isa = PBXBuildFile; fileRef = C49EF5691CB41AB9AD27C544 /* SettingsView.swift */; };
		EFE78547C258ECABF3BB6A36 /* UserSettings.swift in Sources */ = {isa = PBXBuildFile; fileRef = 7767748F366B03610EE90664 /* UserSettings.swift */; };
		F649592747FB9455CD40E78F /* DashboardViewModel.swift in Sources */ = {isa = PBXBuildFile; fileRef = DBA37A05CA3801B68E399AA0 /* DashboardViewModel.swift */; };
		FB78079DC26DA4B3A895E333 /* AuthModels.swift in Sources */ = {isa = PBXBuildFile; fileRef = 5BFFD06EF0BBDDB0D01CB97C /* AuthModels.swift */; };
/* End PBXBuildFile section */

/* Begin PBXContainerItemProxy section */
		2081C4545AADBE20491741DB /* PBXContainerItemProxy */ = {
			isa = PBXContainerItemProxy;
			containerPortal = 4AFC4AD83D9EA855F4D79A38 /* Project object */;
			proxyType = 1;
			remoteGlobalIDString = 97FD3033922CC1E527EE2F46;
			remoteInfo = CulliganApp;
		};
		98BD2AE39C640FD397976185 /* PBXContainerItemProxy */ = {
			isa = PBXContainerItemProxy;
			containerPortal = 4AFC4AD83D9EA855F4D79A38 /* Project object */;
			proxyType = 1;
			remoteGlobalIDString = 97FD3033922CC1E527EE2F46;
			remoteInfo = CulliganApp;
		};
		B49FE9FB98297D55FAACA865 /* PBXContainerItemProxy */ = {
			isa = PBXContainerItemProxy;
			containerPortal = 4AFC4AD83D9EA855F4D79A38 /* Project object */;
			proxyType = 1;
			remoteGlobalIDString = 0E63D87C15AEB8E6E32D2B1E;
			remoteInfo = CulliganWidgetExtension;
		};
/* End PBXContainerItemProxy section */

/* Begin PBXCopyFilesBuildPhase section */
		F5B850DF7A0C14E88A83A118 /* Embed Foundation Extensions */ = {
			isa = PBXCopyFilesBuildPhase;
			buildActionMask = 2147483647;
			dstPath = "";
			dstSubfolderSpec = 13;
			files = (
				6288F83527BFF74769884071 /* CulliganWidgetExtension.appex in Embed Foundation Extensions */,
			);
			name = "Embed Foundation Extensions";
			runOnlyForDeploymentPostprocessing = 0;
		};
/* End PBXCopyFilesBuildPhase section */

/* Begin PBXFileReference section */
		0942C96FBD91751C615F4D13 /* UsageViewModel.swift */ = {isa = PBXFileReference; lastKnownFileType = sourcecode.swift; path = UsageViewModel.swift; sourceTree = "<group>"; };
		10303C8AB8D378498BA41FA6 /* PumpEvent.swift */ = {isa = PBXFileReference; lastKnownFileType = sourcecode.swift; path = PumpEvent.swift; sourceTree = "<group>"; };
		143C2984AF77A81D4794012F /* UsageSyncService.swift */ = {isa = PBXFileReference; lastKnownFileType = sourcecode.swift; path = UsageSyncService.swift; sourceTree = "<group>"; };
		1986FA831F3141FB8B15D419 /* Info.plist */ = {isa = PBXFileReference; lastKnownFileType = text.plist; path = Info.plist; sourceTree = "<group>"; };
		1A274B367B5B9AACF61E84B8 /* NotificationPromptView.swift */ = {isa = PBXFileReference; lastKnownFileType = sourcecode.swift; path = NotificationPromptView.swift; sourceTree = "<group>"; };
		227FE7760D2E5E120C83B384 /* DashboardView.swift */ = {isa = PBXFileReference; lastKnownFileType = sourcecode.swift; path = DashboardView.swift; sourceTree = "<group>"; };
		26F25FE6C521838D4A3E29E1 /* CulliganWidgetExtension.appex */ = {isa = PBXFileReference; includeInIndex = 0; lastKnownFileType = "wrapper.app-extension"; path = CulliganWidgetExtension.appex; sourceTree = BUILT_PRODUCTS_DIR; };
		2E6622033622B8429363EC88 /* TankGaugeView.swift */ = {isa = PBXFileReference; lastKnownFileType = sourcecode.swift; path = TankGaugeView.swift; sourceTree = "<group>"; };
		3190FCD8BECCBF50537CC218 /* TankView.swift */ = {isa = PBXFileReference; lastKnownFileType = sourcecode.swift; path = TankView.swift; sourceTree = "<group>"; };
		330560066A0A6E076593A3C4 /* UsageView.swift */ = {isa = PBXFileReference; lastKnownFileType = sourcecode.swift; path = UsageView.swift; sourceTree = "<group>"; };
		346D58444A0FE6C72FEAC74D /* SharedConfig.swift */ = {isa = PBXFileReference; lastKnownFileType = sourcecode.swift; path = SharedConfig.swift; sourceTree = "<group>"; };
		369C23382010148708A81177 /* OnboardingView.swift */ = {isa = PBXFileReference; lastKnownFileType = sourcecode.swift; path = OnboardingView.swift; sourceTree = "<group>"; };
		3C88022933DB7E0DFF7DE62E /* CulliganApp.app */ = {isa = PBXFileReference; includeInIndex = 0; lastKnownFileType = wrapper.application; path = CulliganApp.app; sourceTree = BUILT_PRODUCTS_DIR; };
		426C9A04BB01BCBEDFACB777 /* UsageChartView.swift */ = {isa = PBXFileReference; lastKnownFileType = sourcecode.swift; path = UsageChartView.swift; sourceTree = "<group>"; };
		44B69CC8B006575928C9ADDA /* CulliganWidgetBundle.swift */ = {isa = PBXFileReference; lastKnownFileType = sourcecode.swift; path = CulliganWidgetBundle.swift; sourceTree = "<group>"; };
		488D7B0CABB985B0239974AA /* TankViewModel.swift */ = {isa = PBXFileReference; lastKnownFileType = sourcecode.swift; path = TankViewModel.swift; sourceTree = "<group>"; };
		4BEFD75E66A1EEDEB210B4DA /* UsageCalendarView.swift */ = {isa = PBXFileReference; lastKnownFileType = sourcecode.swift; path = UsageCalendarView.swift; sourceTree = "<group>"; };
		528F5BECD39B59AA391014F2 /* TankWidget.swift */ = {isa = PBXFileReference; lastKnownFileType = sourcecode.swift; path = TankWidget.swift; sourceTree = "<group>"; };
		57BAE2BB9997A10850015A10 /* BackgroundRefreshService.swift */ = {isa = PBXFileReference; lastKnownFileType = sourcecode.swift; path = BackgroundRefreshService.swift; sourceTree = "<group>"; };
		59BD36E3B7EF2C9A40825099 /* CulliganAppTests.xctest */ = {isa = PBXFileReference; includeInIndex = 0; lastKnownFileType = wrapper.cfbundle; path = CulliganAppTests.xctest; sourceTree = BUILT_PRODUCTS_DIR; };
		5BFFD06EF0BBDDB0D01CB97C /* AuthModels.swift */ = {isa = PBXFileReference; lastKnownFileType = sourcecode.swift; name = AuthModels.swift; path = CulliganApp/CulliganAPI/Models/AuthModels.swift; sourceTree = "<group>"; };
		5DEE124C6A82DAB343B7C234 /* StatCard.swift */ = {isa = PBXFileReference; lastKnownFileType = sourcecode.swift; path = StatCard.swift; sourceTree = "<group>"; };
		5F47CA90B0F12537520D1BF6 /* LoginView.swift */ = {isa = PBXFileReference; lastKnownFileType = sourcecode.swift; path = LoginView.swift; sourceTree = "<group>"; };
		64FD371CCCE61A86549BE28B /* Assets.xcassets */ = {isa = PBXFileReference; lastKnownFileType = folder.assetcatalog; path = Assets.xcassets; sourceTree = "<group>"; };
		68B66952A29952F770CCB68C /* CommandModels.swift */ = {isa = PBXFileReference; lastKnownFileType = sourcecode.swift; path = CommandModels.swift; sourceTree = "<group>"; };
		7767748F366B03610EE90664 /* UserSettings.swift */ = {isa = PBXFileReference; lastKnownFileType = sourcecode.swift; path = UserSettings.swift; sourceTree = "<group>"; };
		7910262045BE1C155ABE3DEC /* SampleData.swift */ = {isa = PBXFileReference; lastKnownFileType = sourcecode.swift; path = SampleData.swift; sourceTree = "<group>"; };
		7AC1945D60335DD37665DE7D /* ExportView.swift */ = {isa = PBXFileReference; lastKnownFileType = sourcecode.swift; path = ExportView.swift; sourceTree = "<group>"; };
		7BD56F327AE584511F373F87 /* DailyUsageRecord.swift */ = {isa = PBXFileReference; lastKnownFileType = sourcecode.swift; path = DailyUsageRecord.swift; sourceTree = "<group>"; };
		7D7F59882FCAEDFF5331BBB3 /* AuthViewModel.swift */ = {isa = PBXFileReference; lastKnownFileType = sourcecode.swift; path = AuthViewModel.swift; sourceTree = "<group>"; };
		7DB1F65F2BFE45998BD444D6 /* NotificationService.swift */ = {isa = PBXFileReference; lastKnownFileType = sourcecode.swift; path = NotificationService.swift; sourceTree = "<group>"; };
		7DE053D695F6667A3A92F9F2 /* ExportService.swift */ = {isa = PBXFileReference; lastKnownFileType = sourcecode.swift; path = ExportService.swift; sourceTree = "<group>"; };
		8966B491530E2124A65B9E46 /* PumpHistoryView.swift */ = {isa = PBXFileReference; lastKnownFileType = sourcecode.swift; path = PumpHistoryView.swift; sourceTree = "<group>"; };
		8D021DCE676B90159BB6BA22 /* CulliganApp.entitlements */ = {isa = PBXFileReference; lastKnownFileType = text.plist.entitlements; path = CulliganApp.entitlements; sourceTree = "<group>"; };
		8D064D89C5601C5E69F7EC70 /* DeviceStatusCard.swift */ = {isa = PBXFileReference; lastKnownFileType = sourcecode.swift; path = DeviceStatusCard.swift; sourceTree = "<group>"; };
		95056E833CF6B530030F04C4 /* DeviceModels.swift */ = {isa = PBXFileReference; lastKnownFileType = sourcecode.swift; path = DeviceModels.swift; sourceTree = "<group>"; };
		A7FB194525C787CA7D6B4572 /* SnapshotHelper.swift */ = {isa = PBXFileReference; lastKnownFileType = sourcecode.swift; path = SnapshotHelper.swift; sourceTree = "<group>"; };
		A8DD3ADD4360C3C5AAE8877B /* ScreenshotTests.swift */ = {isa = PBXFileReference; lastKnownFileType = sourcecode.swift; path = ScreenshotTests.swift; sourceTree = "<group>"; };
		B6904DC347A3A142D1A9B44F /* CulliganAppUITests.xctest */ = {isa = PBXFileReference; includeInIndex = 0; lastKnownFileType = wrapper.cfbundle; path = CulliganAppUITests.xctest; sourceTree = BUILT_PRODUCTS_DIR; };
		B77E034CB5EA628027AB3549 /* KeychainService.swift */ = {isa = PBXFileReference; lastKnownFileType = sourcecode.swift; path = KeychainService.swift; sourceTree = "<group>"; };
		B782CAFDFB5D9BCDD0E39CBE /* CulliganClient.swift */ = {isa = PBXFileReference; lastKnownFileType = sourcecode.swift; path = CulliganClient.swift; sourceTree = "<group>"; };
		BD3A81791BD723D610D645E2 /* CulliganWidgetExtension.entitlements */ = {isa = PBXFileReference; lastKnownFileType = text.plist.entitlements; path = CulliganWidgetExtension.entitlements; sourceTree = "<group>"; };
		C06A7CFCE7A2BF4B3550650C /* Info.plist */ = {isa = PBXFileReference; lastKnownFileType = text.plist; path = Info.plist; sourceTree = "<group>"; };
		C49EF5691CB41AB9AD27C544 /* SettingsView.swift */ = {isa = PBXFileReference; lastKnownFileType = sourcecode.swift; path = SettingsView.swift; sourceTree = "<group>"; };
		DBA37A05CA3801B68E399AA0 /* DashboardViewModel.swift */ = {isa = PBXFileReference; lastKnownFileType = sourcecode.swift; path = DashboardViewModel.swift; sourceTree = "<group>"; };
		E1F86F05BEA4072685E37A92 /* CulliganApp.swift */ = {isa = PBXFileReference; lastKnownFileType = sourcecode.swift; path = CulliganApp.swift; sourceTree = "<group>"; };
		E3D6028E3AC6ECBB23BF9122 /* UsageWidget.swift */ = {isa = PBXFileReference; lastKnownFileType = sourcecode.swift; path = UsageWidget.swift; sourceTree = "<group>"; };
		FAD08DCA22D7E085A719BEC5 /* CulliganAppTests.swift */ = {isa = PBXFileReference; lastKnownFileType = sourcecode.swift; path = CulliganAppTests.swift; sourceTree = "<group>"; };
/* End PBXFileReference section */

/* Begin PBXGroup section */
		0929C0182510C27548A40F20 /* Components */ = {
			isa = PBXGroup;
			children = (
				1A274B367B5B9AACF61E84B8 /* NotificationPromptView.swift */,
				369C23382010148708A81177 /* OnboardingView.swift */,
				5DEE124C6A82DAB343B7C234 /* StatCard.swift */,
			);
			path = Components;
			sourceTree = "<group>";
		};
		09EB2BAEF13B4B66D7EE03F9 /* Settings */ = {
			isa = PBXGroup;
			children = (
				C49EF5691CB41AB9AD27C544 /* SettingsView.swift */,
			);
			path = Settings;
			sourceTree = "<group>";
		};
		2472B2700468BBA37C0B7071 /* Auth */ = {
			isa = PBXGroup;
			children = (
				5F47CA90B0F12537520D1BF6 /* LoginView.swift */,
			);
			path = Auth;
			sourceTree = "<group>";
		};
		340F8B20CDB36520CB7CE1C7 /* ViewModels */ = {
			isa = PBXGroup;
			children = (
				7D7F59882FCAEDFF5331BBB3 /* AuthViewModel.swift */,
				DBA37A05CA3801B68E399AA0 /* DashboardViewModel.swift */,
				488D7B0CABB985B0239974AA /* TankViewModel.swift */,
				0942C96FBD91751C615F4D13 /* UsageViewModel.swift */,
			);
			path = ViewModels;
			sourceTree = "<group>";
		};
		35F219FB7060DA54A4FD725B /* Products */ = {
			isa = PBXGroup;
			children = (
				3C88022933DB7E0DFF7DE62E /* CulliganApp.app */,
				59BD36E3B7EF2C9A40825099 /* CulliganAppTests.xctest */,
				B6904DC347A3A142D1A9B44F /* CulliganAppUITests.xctest */,
				26F25FE6C521838D4A3E29E1 /* CulliganWidgetExtension.appex */,
			);
			name = Products;
			sourceTree = "<group>";
		};
		39447164C4527BD5FA3931FF /* Tank */ = {
			isa = PBXGroup;
			children = (
				8966B491530E2124A65B9E46 /* PumpHistoryView.swift */,
				2E6622033622B8429363EC88 /* TankGaugeView.swift */,
				3190FCD8BECCBF50537CC218 /* TankView.swift */,
			);
			path = Tank;
			sourceTree = "<group>";
		};
		3F236001C69275A48B22E160 /* Services */ = {
			isa = PBXGroup;
			children = (
				57BAE2BB9997A10850015A10 /* BackgroundRefreshService.swift */,
				7DE053D695F6667A3A92F9F2 /* ExportService.swift */,
				7DB1F65F2BFE45998BD444D6 /* NotificationService.swift */,
				143C2984AF77A81D4794012F /* UsageSyncService.swift */,
			);
			path = Services;
			sourceTree = "<group>";
		};
		4614B12E860F46F4F5F45C40 /* Widget */ = {
			isa = PBXGroup;
			children = (
			);
			path = Widget;
			sourceTree = "<group>";
		};
		4A1FB758440A04B1B50F2406 /* CulliganWidgetExtension */ = {
			isa = PBXGroup;
			children = (
				44B69CC8B006575928C9ADDA /* CulliganWidgetBundle.swift */,
				BD3A81791BD723D610D645E2 /* CulliganWidgetExtension.entitlements */,
				1986FA831F3141FB8B15D419 /* Info.plist */,
				528F5BECD39B59AA391014F2 /* TankWidget.swift */,
				E3D6028E3AC6ECBB23BF9122 /* UsageWidget.swift */,
			);
			path = CulliganWidgetExtension;
			sourceTree = "<group>";
		};
		548BEE30FEB3EADC24AF5DDC /* Shared */ = {
			isa = PBXGroup;
			children = (
				5BFFD06EF0BBDDB0D01CB97C /* AuthModels.swift */,
				975534C9ABA5BFCDA2E6BBFC /* Data */,
			);
			name = Shared;
			sourceTree = "<group>";
		};
		5493CE4AD181B7D16C512EDB /* Views */ = {
			isa = PBXGroup;
			children = (
				2472B2700468BBA37C0B7071 /* Auth */,
				0929C0182510C27548A40F20 /* Components */,
				BADC4CEC99F2FCD707FD3064 /* Dashboard */,
				09EB2BAEF13B4B66D7EE03F9 /* Settings */,
				39447164C4527BD5FA3931FF /* Tank */,
				C6D237BC295BAAB5B2CB932A /* Usage */,
			);
			path = Views;
			sourceTree = "<group>";
		};
		70935B57DE29A8DA10AC001F /* Debug */ = {
			isa = PBXGroup;
			children = (
				7910262045BE1C155ABE3DEC /* SampleData.swift */,
			);
			path = Debug;
			sourceTree = "<group>";
		};
		975534C9ABA5BFCDA2E6BBFC /* Data */ = {
			isa = PBXGroup;
			children = (
				7BD56F327AE584511F373F87 /* DailyUsageRecord.swift */,
				10303C8AB8D378498BA41FA6 /* PumpEvent.swift */,
				346D58444A0FE6C72FEAC74D /* SharedConfig.swift */,
				7767748F366B03610EE90664 /* UserSettings.swift */,
			);
			name = Data;
			path = CulliganApp/Data;
			sourceTree = "<group>";
		};
		A0C4A95D51A0291A75809B98 /* CulliganAppUITests */ = {
			isa = PBXGroup;
			children = (
				A8DD3ADD4360C3C5AAE8877B /* ScreenshotTests.swift */,
				A7FB194525C787CA7D6B4572 /* SnapshotHelper.swift */,
			);
			path = CulliganAppUITests;
			sourceTree = "<group>";
		};
		A5DD09F1C743C1D66A0B44BB /* Models */ = {
			isa = PBXGroup;
			children = (
				5BFFD06EF0BBDDB0D01CB97C /* AuthModels.swift */,
				68B66952A29952F770CCB68C /* CommandModels.swift */,
				95056E833CF6B530030F04C4 /* DeviceModels.swift */,
			);
			path = Models;
			sourceTree = "<group>";
		};
		B21E5EFA48AF21147761BC41 /* CulliganApp */ = {
			isa = PBXGroup;
			children = (
				64FD371CCCE61A86549BE28B /* Assets.xcassets */,
				8D021DCE676B90159BB6BA22 /* CulliganApp.entitlements */,
				E1F86F05BEA4072685E37A92 /* CulliganApp.swift */,
				C06A7CFCE7A2BF4B3550650C /* Info.plist */,
				CB4428AD5101CE7600D7BB5D /* CulliganAPI */,
				975534C9ABA5BFCDA2E6BBFC /* Data */,
				70935B57DE29A8DA10AC001F /* Debug */,
				3F236001C69275A48B22E160 /* Services */,
				340F8B20CDB36520CB7CE1C7 /* ViewModels */,
				5493CE4AD181B7D16C512EDB /* Views */,
				4614B12E860F46F4F5F45C40 /* Widget */,
			);
			path = CulliganApp;
			sourceTree = "<group>";
		};
		BADC4CEC99F2FCD707FD3064 /* Dashboard */ = {
			isa = PBXGroup;
			children = (
				227FE7760D2E5E120C83B384 /* DashboardView.swift */,
				8D064D89C5601C5E69F7EC70 /* DeviceStatusCard.swift */,
				4BEFD75E66A1EEDEB210B4DA /* UsageCalendarView.swift */,
			);
			path = Dashboard;
			sourceTree = "<group>";
		};
		C6D237BC295BAAB5B2CB932A /* Usage */ = {
			isa = PBXGroup;
			children = (
				7AC1945D60335DD37665DE7D /* ExportView.swift */,
				426C9A04BB01BCBEDFACB777 /* UsageChartView.swift */,
				330560066A0A6E076593A3C4 /* UsageView.swift */,
			);
			path = Usage;
			sourceTree = "<group>";
		};
		CB4428AD5101CE7600D7BB5D /* CulliganAPI */ = {
			isa = PBXGroup;
			children = (
				B782CAFDFB5D9BCDD0E39CBE /* CulliganClient.swift */,
				B77E034CB5EA628027AB3549 /* KeychainService.swift */,
				A5DD09F1C743C1D66A0B44BB /* Models */,
			);
			path = CulliganAPI;
			sourceTree = "<group>";
		};
		E54C28059CBA4FB3FE921ABC /* CulliganAppTests */ = {
			isa = PBXGroup;
			children = (
				FAD08DCA22D7E085A719BEC5 /* CulliganAppTests.swift */,
			);
			path = CulliganAppTests;
			sourceTree = "<group>";
		};
		EB2A37B57C43A48603E549F5 = {
			isa = PBXGroup;
			children = (
				B21E5EFA48AF21147761BC41 /* CulliganApp */,
				E54C28059CBA4FB3FE921ABC /* CulliganAppTests */,
				A0C4A95D51A0291A75809B98 /* CulliganAppUITests */,
				4A1FB758440A04B1B50F2406 /* CulliganWidgetExtension */,
				548BEE30FEB3EADC24AF5DDC /* Shared */,
				35F219FB7060DA54A4FD725B /* Products */,
			);
			sourceTree = "<group>";
		};
/* End PBXGroup section */

/* Begin PBXNativeTarget section */
		08C7D70F04C10F45C2B54036 /* CulliganAppUITests */ = {
			isa = PBXNativeTarget;
			buildConfigurationList = 02BF4244957ABFD8E8533CDD /* Build configuration list for PBXNativeTarget "CulliganAppUITests" */;
			buildPhases = (
				515CE08390554E68E0BCF2A3 /* Sources */,
			);
			buildRules = (
			);
			dependencies = (
				7AAB6A1288985441811A50B3 /* PBXTargetDependency */,
			);
			name = CulliganAppUITests;
			packageProductDependencies = (
			);
			productName = CulliganAppUITests;
			productReference = B6904DC347A3A142D1A9B44F /* CulliganAppUITests.xctest */;
			productType = "com.apple.product-type.bundle.ui-testing";
		};
		0E63D87C15AEB8E6E32D2B1E /* CulliganWidgetExtension */ = {
			isa = PBXNativeTarget;
			buildConfigurationList = 5D562F3BB421D58B39EB2240 /* Build configuration list for PBXNativeTarget "CulliganWidgetExtension" */;
			buildPhases = (
				D92358B3697A67CFDE2FC031 /* Sources */,
			);
			buildRules = (
			);
			dependencies = (
			);
			name = CulliganWidgetExtension;
			packageProductDependencies = (
			);
			productName = CulliganWidgetExtension;
			productReference = 26F25FE6C521838D4A3E29E1 /* CulliganWidgetExtension.appex */;
			productType = "com.apple.product-type.app-extension";
		};
		97FD3033922CC1E527EE2F46 /* CulliganApp */ = {
			isa = PBXNativeTarget;
			buildConfigurationList = 03EE28BDB5D5EA3FEC151736 /* Build configuration list for PBXNativeTarget "CulliganApp" */;
			buildPhases = (
				CB9771F07573999E0964392D /* Sources */,
				394BCD5541AD12E9A90FB129 /* Resources */,
				F5B850DF7A0C14E88A83A118 /* Embed Foundation Extensions */,
			);
			buildRules = (
			);
			dependencies = (
				82B9A2F55CC3A45E76FCA4AF /* PBXTargetDependency */,
			);
			name = CulliganApp;
			packageProductDependencies = (
			);
			productName = CulliganApp;
			productReference = 3C88022933DB7E0DFF7DE62E /* CulliganApp.app */;
			productType = "com.apple.product-type.application";
		};
		BEDA76100CDD7F5E4611AC70 /* CulliganAppTests */ = {
			isa = PBXNativeTarget;
			buildConfigurationList = 354C4781B1213057293B5931 /* Build configuration list for PBXNativeTarget "CulliganAppTests" */;
			buildPhases = (
				18F26EFA6EC06B71413C939E /* Sources */,
			);
			buildRules = (
			);
			dependencies = (
				FE57BAAC4C6588B5273E717B /* PBXTargetDependency */,
			);
			name = CulliganAppTests;
			packageProductDependencies = (
			);
			productName = CulliganAppTests;
			productReference = 59BD36E3B7EF2C9A40825099 /* CulliganAppTests.xctest */;
			productType = "com.apple.product-type.bundle.unit-test";
		};
/* End PBXNativeTarget section */

/* Begin PBXProject section */
		4AFC4AD83D9EA855F4D79A38 /* Project object */ = {
			isa = PBXProject;
			attributes = {
				BuildIndependentTargetsInParallel = YES;
				LastUpgradeCheck = 1600;
				TargetAttributes = {
					08C7D70F04C10F45C2B54036 = {
						DevelopmentTeam = CZDSP7DQSH;
						ProvisioningStyle = Automatic;
						TestTargetID = 97FD3033922CC1E527EE2F46;
					};
					0E63D87C15AEB8E6E32D2B1E = {
						DevelopmentTeam = CZDSP7DQSH;
						ProvisioningStyle = Automatic;
					};
					97FD3033922CC1E527EE2F46 = {
						DevelopmentTeam = CZDSP7DQSH;
						ProvisioningStyle = Automatic;
					};
					BEDA76100CDD7F5E4611AC70 = {
						DevelopmentTeam = CZDSP7DQSH;
						ProvisioningStyle = Automatic;
					};
				};
			};
			buildConfigurationList = A42469B292FE3499140BB395 /* Build configuration list for PBXProject "CulliganApp" */;
			developmentRegion = en;
			hasScannedForEncodings = 0;
			knownRegions = (
				Base,
				en,
			);
			mainGroup = EB2A37B57C43A48603E549F5;
			minimizedProjectReferenceProxies = 1;
			preferredProjectObjectVersion = 77;
			productRefGroup = 35F219FB7060DA54A4FD725B /* Products */;
			projectDirPath = "";
			projectRoot = "";
			targets = (
				97FD3033922CC1E527EE2F46 /* CulliganApp */,
				BEDA76100CDD7F5E4611AC70 /* CulliganAppTests */,
				08C7D70F04C10F45C2B54036 /* CulliganAppUITests */,
				0E63D87C15AEB8E6E32D2B1E /* CulliganWidgetExtension */,
			);
		};
/* End PBXProject section */

/* Begin PBXResourcesBuildPhase section */
		394BCD5541AD12E9A90FB129 /* Resources */ = {
			isa = PBXResourcesBuildPhase;
			buildActionMask = 2147483647;
			files = (
				7D991179C7DF6EE35C838E64 /* Assets.xcassets in Resources */,
			);
			runOnlyForDeploymentPostprocessing = 0;
		};
/* End PBXResourcesBuildPhase section */

/* Begin PBXSourcesBuildPhase section */
		18F26EFA6EC06B71413C939E /* Sources */ = {
			isa = PBXSourcesBuildPhase;
			buildActionMask = 2147483647;
			files = (
				A38C699DEC5FAA7B806EDEF5 /* CulliganAppTests.swift in Sources */,
			);
			runOnlyForDeploymentPostprocessing = 0;
		};
		515CE08390554E68E0BCF2A3 /* Sources */ = {
			isa = PBXSourcesBuildPhase;
			buildActionMask = 2147483647;
			files = (
				28AC84F45E93CBD7DEAD496D /* ScreenshotTests.swift in Sources */,
				BD585F37F80C984498AC7EC5 /* SnapshotHelper.swift in Sources */,
			);
			runOnlyForDeploymentPostprocessing = 0;
		};
		CB9771F07573999E0964392D /* Sources */ = {
			isa = PBXSourcesBuildPhase;
			buildActionMask = 2147483647;
			files = (
				336838FE9EF8C00FB68BF44E /* AuthModels.swift in Sources */,
				6113EF1F24439B9878837C6C /* AuthViewModel.swift in Sources */,
				43590626F019C782264B061A /* BackgroundRefreshService.swift in Sources */,
				823D0674FC458844E8F78BA9 /* CommandModels.swift in Sources */,
				8321416B16C225DC313BB7E0 /* CulliganApp.swift in Sources */,
				BB230B4DF67B3292BCCCB7BD /* CulliganClient.swift in Sources */,
				1BD06BC8261B89DCBD1768CF /* DailyUsageRecord.swift in Sources */,
				BBFAE46143E7B81B76F1DF79 /* DashboardView.swift in Sources */,
				F649592747FB9455CD40E78F /* DashboardViewModel.swift in Sources */,
				84290C36583EF0E3319B9110 /* DeviceModels.swift in Sources */,
				2DD8F377F40EDC616E8769E3 /* DeviceStatusCard.swift in Sources */,
				3389E7C47740F3A7A3E936A6 /* ExportService.swift in Sources */,
				97216A344EA71E9BE9F142B7 /* ExportView.swift in Sources */,
				9DB7A2831143DC84CB9CA7F1 /* KeychainService.swift in Sources */,
				7702EBC083745703C8CECE52 /* LoginView.swift in Sources */,
				9C08B7E61012C4897F5C5DC6 /* NotificationPromptView.swift in Sources */,
				6679B9E8B55B6D9DEF094861 /* NotificationService.swift in Sources */,
				747F3EE71DB102E214385BB1 /* OnboardingView.swift in Sources */,
				3B3499ABD647421A11B12FB5 /* PumpEvent.swift in Sources */,
				028E0C3934ED8C60D4F83A10 /* PumpHistoryView.swift in Sources */,
				A245C1E0C6054A7A76505E85 /* SampleData.swift in Sources */,
				E0F03C6D5067F55C301B80DF /* SettingsView.swift in Sources */,
				DB1E779D5AFA769DA898D807 /* SharedConfig.swift in Sources */,
				6F5F87D29B3742C4596D6418 /* StatCard.swift in Sources */,
				77F3F6705B3A072F263CBF8C /* TankGaugeView.swift in Sources */,
				12749B658F79306C6DFFFFDB /* TankView.swift in Sources */,
				BACACD65AD50E51AFB45A660 /* TankViewModel.swift in Sources */,
				1CF07D9C9794947738163860 /* UsageCalendarView.swift in Sources */,
				8BFCA7C9B506AE3D227681FD /* UsageChartView.swift in Sources */,
				8AC32E9289268994936772EC /* UsageSyncService.swift in Sources */,
				0500BC40A4A0D33A53760B78 /* UsageView.swift in Sources */,
				23E3F002B191D93DD2962390 /* UsageViewModel.swift in Sources */,
				EFE78547C258ECABF3BB6A36 /* UserSettings.swift in Sources */,
			);
			runOnlyForDeploymentPostprocessing = 0;
		};
		D92358B3697A67CFDE2FC031 /* Sources */ = {
			isa = PBXSourcesBuildPhase;
			buildActionMask = 2147483647;
			files = (
				FB78079DC26DA4B3A895E333 /* AuthModels.swift in Sources */,
				092096FE5B69A84A64F11D4A /* CulliganWidgetBundle.swift in Sources */,
				A17E042E1AEDF3D9C6020DE4 /* DailyUsageRecord.swift in Sources */,
				88119A276B8E42BFC209CE08 /* PumpEvent.swift in Sources */,
				26F66CFB14E368060166A89D /* SharedConfig.swift in Sources */,
				9A8B143EACD4C5B2EFC88E0F /* TankWidget.swift in Sources */,
				B20E6A03683065A0059C5693 /* UsageWidget.swift in Sources */,
				D7B840EAD0D762DE978694F5 /* UserSettings.swift in Sources */,
			);
			runOnlyForDeploymentPostprocessing = 0;
		};
/* End PBXSourcesBuildPhase section */

/* Begin PBXTargetDependency section */
		7AAB6A1288985441811A50B3 /* PBXTargetDependency */ = {
			isa = PBXTargetDependency;
			target = 97FD3033922CC1E527EE2F46 /* CulliganApp */;
			targetProxy = 98BD2AE39C640FD397976185 /* PBXContainerItemProxy */;
		};
		82B9A2F55CC3A45E76FCA4AF /* PBXTargetDependency */ = {
			isa = PBXTargetDependency;
			target = 0E63D87C15AEB8E6E32D2B1E /* CulliganWidgetExtension */;
			targetProxy = B49FE9FB98297D55FAACA865 /* PBXContainerItemProxy */;
		};
		FE57BAAC4C6588B5273E717B /* PBXTargetDependency */ = {
			isa = PBXTargetDependency;
			target = 97FD3033922CC1E527EE2F46 /* CulliganApp */;
			targetProxy = 2081C4545AADBE20491741DB /* PBXContainerItemProxy */;
		};
/* End PBXTargetDependency section */

/* Begin XCBuildConfiguration section */
		1B69D2F22C4D384C452C2FB7 /* Release */ = {
			isa = XCBuildConfiguration;
			buildSettings = {
				ASSETCATALOG_COMPILER_APPICON_NAME = AppIcon;
				ASSETCATALOG_COMPILER_GLOBAL_ACCENT_COLOR_NAME = AccentColor;
				CODE_SIGN_ENTITLEMENTS = CulliganApp/CulliganApp.entitlements;
				CODE_SIGN_IDENTITY = "iPhone Developer";
				GENERATE_INFOPLIST_FILE = YES;
				INFOPLIST_FILE = CulliganApp/Info.plist;
				INFOPLIST_KEY_CFBundleDisplayName = Aqualytics;
				INFOPLIST_KEY_UISupportedInterfaceOrientations_iPhone = UIInterfaceOrientationPortrait;
				LD_RUNPATH_SEARCH_PATHS = (
					"$(inherited)",
					"@executable_path/Frameworks",
				);
				PRODUCT_BUNDLE_IDENTIFIER = com.dwcares.culligan.app;
				SDKROOT = iphoneos;
				SWIFT_STRICT_CONCURRENCY = complete;
				TARGETED_DEVICE_FAMILY = 1;
			};
			name = Release;
		};
		4C5DD2000A9657F964EC5A79 /* Release */ = {
			isa = XCBuildConfiguration;
			buildSettings = {
				ALWAYS_SEARCH_USER_PATHS = NO;
				CLANG_ANALYZER_NONNULL = YES;
				CLANG_ANALYZER_NUMBER_OBJECT_CONVERSION = YES_AGGRESSIVE;
				CLANG_CXX_LANGUAGE_STANDARD = "gnu++14";
				CLANG_CXX_LIBRARY = "libc++";
				CLANG_ENABLE_MODULES = YES;
				CLANG_ENABLE_OBJC_ARC = YES;
				CLANG_ENABLE_OBJC_WEAK = YES;
				CLANG_WARN_BLOCK_CAPTURE_AUTORELEASING = YES;
				CLANG_WARN_BOOL_CONVERSION = YES;
				CLANG_WARN_COMMA = YES;
				CLANG_WARN_CONSTANT_CONVERSION = YES;
				CLANG_WARN_DEPRECATED_OBJC_IMPLEMENTATIONS = YES;
				CLANG_WARN_DIRECT_OBJC_ISA_USAGE = YES_ERROR;
				CLANG_WARN_DOCUMENTATION_COMMENTS = YES;
				CLANG_WARN_EMPTY_BODY = YES;
				CLANG_WARN_ENUM_CONVERSION = YES;
				CLANG_WARN_INFINITE_RECURSION = YES;
				CLANG_WARN_INT_CONVERSION = YES;
				CLANG_WARN_NON_LITERAL_NULL_CONVERSION = YES;
				CLANG_WARN_OBJC_IMPLICIT_RETAIN_SELF = YES;
				CLANG_WARN_OBJC_LITERAL_CONVERSION = YES;
				CLANG_WARN_OBJC_ROOT_CLASS = YES_ERROR;
				CLANG_WARN_QUOTED_INCLUDE_IN_FRAMEWORK_HEADER = YES;
				CLANG_WARN_RANGE_LOOP_ANALYSIS = YES;
				CLANG_WARN_STRICT_PROTOTYPES = YES;
				CLANG_WARN_SUSPICIOUS_MOVE = YES;
				CLANG_WARN_UNGUARDED_AVAILABILITY = YES_AGGRESSIVE;
				CLANG_WARN_UNREACHABLE_CODE = YES;
				CLANG_WARN__DUPLICATE_METHOD_MATCH = YES;
				CODE_SIGN_STYLE = Automatic;
				COPY_PHASE_STRIP = NO;
				CURRENT_PROJECT_VERSION = 8;
				DEBUG_INFORMATION_FORMAT = "dwarf-with-dsym";
				DEVELOPMENT_TEAM = CZDSP7DQSH;
				ENABLE_NS_ASSERTIONS = NO;
				ENABLE_STRICT_OBJC_MSGSEND = YES;
				GCC_C_LANGUAGE_STANDARD = gnu11;
				GCC_NO_COMMON_BLOCKS = YES;
				GCC_WARN_64_TO_32_BIT_CONVERSION = YES;
				GCC_WARN_ABOUT_RETURN_TYPE = YES_ERROR;
				GCC_WARN_UNDECLARED_SELECTOR = YES;
				GCC_WARN_UNINITIALIZED_AUTOS = YES_AGGRESSIVE;
				GCC_WARN_UNUSED_FUNCTION = YES;
				GCC_WARN_UNUSED_VARIABLE = YES;
				IPHONEOS_DEPLOYMENT_TARGET = 17.0;
				MARKETING_VERSION = 1.0.0;
				MTL_ENABLE_DEBUG_INFO = NO;
				MTL_FAST_MATH = YES;
				PRODUCT_NAME = "$(TARGET_NAME)";
				SDKROOT = iphoneos;
				SWIFT_COMPILATION_MODE = wholemodule;
				SWIFT_OPTIMIZATION_LEVEL = "-O";
				SWIFT_VERSION = 6.0;
				TARGETED_DEVICE_FAMILY = 1;
			};
			name = Release;
		};
		71646EAFC7C5387F6268AC43 /* Release */ = {
			isa = XCBuildConfiguration;
			buildSettings = {
				CODE_SIGN_ENTITLEMENTS = CulliganWidgetExtension/CulliganWidgetExtension.entitlements;
				GENERATE_INFOPLIST_FILE = YES;
				INFOPLIST_FILE = CulliganWidgetExtension/Info.plist;
				INFOPLIST_KEY_CFBundleDisplayName = "Aqualytics Widgets";
				LD_RUNPATH_SEARCH_PATHS = (
					"$(inherited)",
					"@executable_path/Frameworks",
					"@executable_path/../../Frameworks",
				);
				PRODUCT_BUNDLE_IDENTIFIER = com.dwcares.culligan.app.widget;
				SDKROOT = iphoneos;
				SWIFT_STRICT_CONCURRENCY = complete;
				TARGETED_DEVICE_FAMILY = 1;
			};
			name = Release;
		};
		74D4F63AF43DD98990FF5BE9 /* Debug */ = {
			isa = XCBuildConfiguration;
			buildSettings = {
				BUNDLE_LOADER = "$(TEST_HOST)";
				GENERATE_INFOPLIST_FILE = YES;
				LD_RUNPATH_SEARCH_PATHS = (
					"$(inherited)",
					"@executable_path/Frameworks",
					"@loader_path/Frameworks",
				);
				PRODUCT_BUNDLE_IDENTIFIER = com.dwcares.culligan.app.tests;
				SDKROOT = iphoneos;
				TARGETED_DEVICE_FAMILY = "1,2";
				TEST_HOST = "$(BUILT_PRODUCTS_DIR)/CulliganApp.app/CulliganApp";
			};
			name = Debug;
		};
		9D9F892EB36BDDECB8A554A3 /* Release */ = {
			isa = XCBuildConfiguration;
			buildSettings = {
				BUNDLE_LOADER = "$(TEST_HOST)";
				GENERATE_INFOPLIST_FILE = YES;
				LD_RUNPATH_SEARCH_PATHS = (
					"$(inherited)",
					"@executable_path/Frameworks",
					"@loader_path/Frameworks",
				);
				PRODUCT_BUNDLE_IDENTIFIER = com.dwcares.culligan.app.tests;
				SDKROOT = iphoneos;
				TARGETED_DEVICE_FAMILY = "1,2";
				TEST_HOST = "$(BUILT_PRODUCTS_DIR)/CulliganApp.app/CulliganApp";
			};
			name = Release;
		};
		A73E04B0271DB5B30AB7C8AB /* Debug */ = {
			isa = XCBuildConfiguration;
			buildSettings = {
				CODE_SIGN_ENTITLEMENTS = CulliganWidgetExtension/CulliganWidgetExtension.entitlements;
				GENERATE_INFOPLIST_FILE = YES;
				INFOPLIST_FILE = CulliganWidgetExtension/Info.plist;
				INFOPLIST_KEY_CFBundleDisplayName = "Aqualytics Widgets";
				LD_RUNPATH_SEARCH_PATHS = (
					"$(inherited)",
					"@executable_path/Frameworks",
					"@executable_path/../../Frameworks",
				);
				PRODUCT_BUNDLE_IDENTIFIER = com.dwcares.culligan.app.widget;
				SDKROOT = iphoneos;
				SWIFT_STRICT_CONCURRENCY = complete;
				TARGETED_DEVICE_FAMILY = 1;
			};
			name = Debug;
		};
		C283A061884A6E643EA460D0 /* Debug */ = {
			isa = XCBuildConfiguration;
			buildSettings = {
				BUNDLE_LOADER = "$(TEST_HOST)";
				GENERATE_INFOPLIST_FILE = YES;
				LD_RUNPATH_SEARCH_PATHS = (
					"$(inherited)",
					"@executable_path/Frameworks",
					"@loader_path/Frameworks",
				);
				PRODUCT_BUNDLE_IDENTIFIER = com.dwcares.culligan.app.uitests;
				SDKROOT = iphoneos;
				TARGETED_DEVICE_FAMILY = "1,2";
				TEST_TARGET_NAME = CulliganApp;
			};
			name = Debug;
		};
		D81609472FFF2A8114AE42E3 /* Debug */ = {
			isa = XCBuildConfiguration;
			buildSettings = {
				ASSETCATALOG_COMPILER_APPICON_NAME = AppIcon;
				ASSETCATALOG_COMPILER_GLOBAL_ACCENT_COLOR_NAME = AccentColor;
				CODE_SIGN_ENTITLEMENTS = CulliganApp/CulliganApp.entitlements;
				CODE_SIGN_IDENTITY = "iPhone Developer";
				GENERATE_INFOPLIST_FILE = YES;
				INFOPLIST_FILE = CulliganApp/Info.plist;
				INFOPLIST_KEY_CFBundleDisplayName = Aqualytics;
				INFOPLIST_KEY_UISupportedInterfaceOrientations_iPhone = UIInterfaceOrientationPortrait;
				LD_RUNPATH_SEARCH_PATHS = (
					"$(inherited)",
					"@executable_path/Frameworks",
				);
				PRODUCT_BUNDLE_IDENTIFIER = com.dwcares.culligan.app;
				SDKROOT = iphoneos;
				SWIFT_STRICT_CONCURRENCY = complete;
				TARGETED_DEVICE_FAMILY = 1;
			};
			name = Debug;
		};
		F3FAE3B2CB24FFF2205DB46D /* Release */ = {
			isa = XCBuildConfiguration;
			buildSettings = {
				BUNDLE_LOADER = "$(TEST_HOST)";
				GENERATE_INFOPLIST_FILE = YES;
				LD_RUNPATH_SEARCH_PATHS = (
					"$(inherited)",
					"@executable_path/Frameworks",
					"@loader_path/Frameworks",
				);
				PRODUCT_BUNDLE_IDENTIFIER = com.dwcares.culligan.app.uitests;
				SDKROOT = iphoneos;
				TARGETED_DEVICE_FAMILY = "1,2";
				TEST_TARGET_NAME = CulliganApp;
			};
			name = Release;
		};
		F98CA473C06D988B4DCA56B1 /* Debug */ = {
			isa = XCBuildConfiguration;
			buildSettings = {
				ALWAYS_SEARCH_USER_PATHS = NO;
				CLANG_ANALYZER_NONNULL = YES;
				CLANG_ANALYZER_NUMBER_OBJECT_CONVERSION = YES_AGGRESSIVE;
				CLANG_CXX_LANGUAGE_STANDARD = "gnu++14";
				CLANG_CXX_LIBRARY = "libc++";
				CLANG_ENABLE_MODULES = YES;
				CLANG_ENABLE_OBJC_ARC = YES;
				CLANG_ENABLE_OBJC_WEAK = YES;
				CLANG_WARN_BLOCK_CAPTURE_AUTORELEASING = YES;
				CLANG_WARN_BOOL_CONVERSION = YES;
				CLANG_WARN_COMMA = YES;
				CLANG_WARN_CONSTANT_CONVERSION = YES;
				CLANG_WARN_DEPRECATED_OBJC_IMPLEMENTATIONS = YES;
				CLANG_WARN_DIRECT_OBJC_ISA_USAGE = YES_ERROR;
				CLANG_WARN_DOCUMENTATION_COMMENTS = YES;
				CLANG_WARN_EMPTY_BODY = YES;
				CLANG_WARN_ENUM_CONVERSION = YES;
				CLANG_WARN_INFINITE_RECURSION = YES;
				CLANG_WARN_INT_CONVERSION = YES;
				CLANG_WARN_NON_LITERAL_NULL_CONVERSION = YES;
				CLANG_WARN_OBJC_IMPLICIT_RETAIN_SELF = YES;
				CLANG_WARN_OBJC_LITERAL_CONVERSION = YES;
				CLANG_WARN_OBJC_ROOT_CLASS = YES_ERROR;
				CLANG_WARN_QUOTED_INCLUDE_IN_FRAMEWORK_HEADER = YES;
				CLANG_WARN_RANGE_LOOP_ANALYSIS = YES;
				CLANG_WARN_STRICT_PROTOTYPES = YES;
				CLANG_WARN_SUSPICIOUS_MOVE = YES;
				CLANG_WARN_UNGUARDED_AVAILABILITY = YES_AGGRESSIVE;
				CLANG_WARN_UNREACHABLE_CODE = YES;
				CLANG_WARN__DUPLICATE_METHOD_MATCH = YES;
				CODE_SIGN_STYLE = Automatic;
				COPY_PHASE_STRIP = NO;
				CURRENT_PROJECT_VERSION = 8;
				DEBUG_INFORMATION_FORMAT = dwarf;
				DEVELOPMENT_TEAM = CZDSP7DQSH;
				ENABLE_STRICT_OBJC_MSGSEND = YES;
				ENABLE_TESTABILITY = YES;
				GCC_C_LANGUAGE_STANDARD = gnu11;
				GCC_DYNAMIC_NO_PIC = NO;
				GCC_NO_COMMON_BLOCKS = YES;
				GCC_OPTIMIZATION_LEVEL = 0;
				GCC_PREPROCESSOR_DEFINITIONS = (
					"$(inherited)",
					"DEBUG=1",
				);
				GCC_WARN_64_TO_32_BIT_CONVERSION = YES;
				GCC_WARN_ABOUT_RETURN_TYPE = YES_ERROR;
				GCC_WARN_UNDECLARED_SELECTOR = YES;
				GCC_WARN_UNINITIALIZED_AUTOS = YES_AGGRESSIVE;
				GCC_WARN_UNUSED_FUNCTION = YES;
				GCC_WARN_UNUSED_VARIABLE = YES;
				IPHONEOS_DEPLOYMENT_TARGET = 17.0;
				MARKETING_VERSION = 1.0.0;
				MTL_ENABLE_DEBUG_INFO = INCLUDE_SOURCE;
				MTL_FAST_MATH = YES;
				ONLY_ACTIVE_ARCH = YES;
				PRODUCT_NAME = "$(TARGET_NAME)";
				SDKROOT = iphoneos;
				SWIFT_ACTIVE_COMPILATION_CONDITIONS = DEBUG;
				SWIFT_OPTIMIZATION_LEVEL = "-Onone";
				SWIFT_VERSION = 6.0;
				TARGETED_DEVICE_FAMILY = 1;
			};
			name = Debug;
		};
/* End XCBuildConfiguration section */

/* Begin XCConfigurationList section */
		02BF4244957ABFD8E8533CDD /* Build configuration list for PBXNativeTarget "CulliganAppUITests" */ = {
			isa = XCConfigurationList;
			buildConfigurations = (
				C283A061884A6E643EA460D0 /* Debug */,
				F3FAE3B2CB24FFF2205DB46D /* Release */,
			);
			defaultConfigurationIsVisible = 0;
			defaultConfigurationName = Debug;
		};
		03EE28BDB5D5EA3FEC151736 /* Build configuration list for PBXNativeTarget "CulliganApp" */ = {
			isa = XCConfigurationList;
			buildConfigurations = (
				D81609472FFF2A8114AE42E3 /* Debug */,
				1B69D2F22C4D384C452C2FB7 /* Release */,
			);
			defaultConfigurationIsVisible = 0;
			defaultConfigurationName = Debug;
		};
		354C4781B1213057293B5931 /* Build configuration list for PBXNativeTarget "CulliganAppTests" */ = {
			isa = XCConfigurationList;
			buildConfigurations = (
				74D4F63AF43DD98990FF5BE9 /* Debug */,
				9D9F892EB36BDDECB8A554A3 /* Release */,
			);
			defaultConfigurationIsVisible = 0;
			defaultConfigurationName = Debug;
		};
		5D562F3BB421D58B39EB2240 /* Build configuration list for PBXNativeTarget "CulliganWidgetExtension" */ = {
			isa = XCConfigurationList;
			buildConfigurations = (
				A73E04B0271DB5B30AB7C8AB /* Debug */,
				71646EAFC7C5387F6268AC43 /* Release */,
			);
			defaultConfigurationIsVisible = 0;
			defaultConfigurationName = Debug;
		};
		A42469B292FE3499140BB395 /* Build configuration list for PBXProject "CulliganApp" */ = {
			isa = XCConfigurationList;
			buildConfigurations = (
				F98CA473C06D988B4DCA56B1 /* Debug */,
				4C5DD2000A9657F964EC5A79 /* Release */,
			);
			defaultConfigurationIsVisible = 0;
			defaultConfigurationName = Debug;
		};
/* End XCConfigurationList section */
	};
	rootObject = 4AFC4AD83D9EA855F4D79A38 /* Project object */;
}
